// !$*UTF8*$!
{
	archiveVersion = 1;
	classes = {
	};
	objectVersion = 48;
	objects = {

/* Begin PBXBuildFile section */
		B9EB37D71FD750A1007453C4 /* AppDelegate.swift in Sources */ = {isa = PBXBuildFile; fileRef = B9EB37D61FD750A1007453C4 /* AppDelegate.swift */; };
		B9EB37D91FD750A1007453C4 /* ViewController.swift in Sources */ = {isa = PBXBuildFile; fileRef = B9EB37D81FD750A1007453C4 /* ViewController.swift */; };
		B9EB37DC1FD750A1007453C4 /* Main.storyboard in Resources */ = {isa = PBXBuildFile; fileRef = B9EB37DA1FD750A1007453C4 /* Main.storyboard */; };
		B9EB37DE1FD750A1007453C4 /* Assets.xcassets in Resources */ = {isa = PBXBuildFile; fileRef = B9EB37DD1FD750A1007453C4 /* Assets.xcassets */; };
		B9EB37E11FD750A1007453C4 /* LaunchScreen.storyboard in Resources */ = {isa = PBXBuildFile; fileRef = B9EB37DF1FD750A1007453C4 /* LaunchScreen.storyboard */; };
		B9EB37EC1FD750A1007453C4 /* FinalTests.swift in Sources */ = {isa = PBXBuildFile; fileRef = B9EB37EB1FD750A1007453C4 /* FinalTests.swift */; };
		B9EB37F71FD750A2007453C4 /* FinalUITests.swift in Sources */ = {isa = PBXBuildFile; fileRef = B9EB37F61FD750A2007453C4 /* FinalUITests.swift */; };
		B9EB38051FD75119007453C4 /* MenuViewController.swift in Sources */ = {isa = PBXBuildFile; fileRef = B9EB38041FD75119007453C4 /* MenuViewController.swift */; };
		B9EB38071FD75151007453C4 /* LeaderboardViewController.swift in Sources */ = {isa = PBXBuildFile; fileRef = B9EB38061FD75151007453C4 /* LeaderboardViewController.swift */; };
		B9EB38091FD75161007453C4 /* GameViewController.swift in Sources */ = {isa = PBXBuildFile; fileRef = B9EB38081FD75161007453C4 /* GameViewController.swift */; };
		B9EB380B1FD7522B007453C4 /* WebService.swift in Sources */ = {isa = PBXBuildFile; fileRef = B9EB380A1FD7522B007453C4 /* WebService.swift */; };
/* End PBXBuildFile section */

/* Begin PBXContainerItemProxy section */
		B9EB37E81FD750A1007453C4 /* PBXContainerItemProxy */ = {
			isa = PBXContainerItemProxy;
			containerPortal = B9EB37CB1FD750A1007453C4 /* Project object */;
			proxyType = 1;
			remoteGlobalIDString = B9EB37D21FD750A1007453C4;
			remoteInfo = Final;
		};
		B9EB37F31FD750A2007453C4 /* PBXContainerItemProxy */ = {
			isa = PBXContainerItemProxy;
			containerPortal = B9EB37CB1FD750A1007453C4 /* Project object */;
			proxyType = 1;
			remoteGlobalIDString = B9EB37D21FD750A1007453C4;
			remoteInfo = Final;
		};
/* End PBXContainerItemProxy section */

/* Begin PBXFileReference section */
		B9EB37D31FD750A1007453C4 /* Final.app */ = {isa = PBXFileReference; explicitFileType = wrapper.application; includeInIndex = 0; path = Final.app; sourceTree = BUILT_PRODUCTS_DIR; };
		B9EB37D61FD750A1007453C4 /* AppDelegate.swift */ = {isa = PBXFileReference; lastKnownFileType = sourcecode.swift; path = AppDelegate.swift; sourceTree = "<group>"; };
		B9EB37D81FD750A1007453C4 /* ViewController.swift */ = {isa = PBXFileReference; lastKnownFileType = sourcecode.swift; path = ViewController.swift; sourceTree = "<group>"; };
		B9EB37DB1FD750A1007453C4 /* Base */ = {isa = PBXFileReference; lastKnownFileType = file.storyboard; name = Base; path = Base.lproj/Main.storyboard; sourceTree = "<group>"; };
		B9EB37DD1FD750A1007453C4 /* Assets.xcassets */ = {isa = PBXFileReference; lastKnownFileType = folder.assetcatalog; path = Assets.xcassets; sourceTree = "<group>"; };
		B9EB37E01FD750A1007453C4 /* Base */ = {isa = PBXFileReference; lastKnownFileType = file.storyboard; name = Base; path = Base.lproj/LaunchScreen.storyboard; sourceTree = "<group>"; };
		B9EB37E21FD750A1007453C4 /* Info.plist */ = {isa = PBXFileReference; lastKnownFileType = text.plist.xml; path = Info.plist; sourceTree = "<group>"; };
		B9EB37E71FD750A1007453C4 /* FinalTests.xctest */ = {isa = PBXFileReference; explicitFileType = wrapper.cfbundle; includeInIndex = 0; path = FinalTests.xctest; sourceTree = BUILT_PRODUCTS_DIR; };
		B9EB37EB1FD750A1007453C4 /* FinalTests.swift */ = {isa = PBXFileReference; lastKnownFileType = sourcecode.swift; path = FinalTests.swift; sourceTree = "<group>"; };
		B9EB37ED1FD750A1007453C4 /* Info.plist */ = {isa = PBXFileReference; lastKnownFileType = text.plist.xml; path = Info.plist; sourceTree = "<group>"; };
		B9EB37F21FD750A2007453C4 /* FinalUITests.xctest */ = {isa = PBXFileReference; explicitFileType = wrapper.cfbundle; includeInIndex = 0; path = FinalUITests.xctest; sourceTree = BUILT_PRODUCTS_DIR; };
		B9EB37F61FD750A2007453C4 /* FinalUITests.swift */ = {isa = PBXFileReference; lastKnownFileType = sourcecode.swift; path = FinalUITests.swift; sourceTree = "<group>"; };
		B9EB37F81FD750A2007453C4 /* Info.plist */ = {isa = PBXFileReference; lastKnownFileType = text.plist.xml; path = Info.plist; sourceTree = "<group>"; };
		B9EB38041FD75119007453C4 /* MenuViewController.swift */ = {isa = PBXFileReference; lastKnownFileType = sourcecode.swift; path = MenuViewController.swift; sourceTree = "<group>"; };
		B9EB38061FD75151007453C4 /* LeaderboardViewController.swift */ = {isa = PBXFileReference; lastKnownFileType = sourcecode.swift; path = LeaderboardViewController.swift; sourceTree = "<group>"; };
		B9EB38081FD75161007453C4 /* GameViewController.swift */ = {isa = PBXFileReference; lastKnownFileType = sourcecode.swift; path = GameViewController.swift; sourceTree = "<group>"; };
		B9EB380A1FD7522B007453C4 /* WebService.swift */ = {isa = PBXFileReference; lastKnownFileType = sourcecode.swift; path = WebService.swift; sourceTree = "<group>"; };
/* End PBXFileReference section */

/* Begin PBXFrameworksBuildPhase section */
		B9EB37D01FD750A1007453C4 /* Frameworks */ = {
			isa = PBXFrameworksBuildPhase;
			buildActionMask = 2147483647;
			files = (
			);
			runOnlyForDeploymentPostprocessing = 0;
		};
		B9EB37E41FD750A1007453C4 /* Frameworks */ = {
			isa = PBXFrameworksBuildPhase;
			buildActionMask = 2147483647;
			files = (
			);
			runOnlyForDeploymentPostprocessing = 0;
		};
		B9EB37EF1FD750A1007453C4 /* Frameworks */ = {
			isa = PBXFrameworksBuildPhase;
			buildActionMask = 2147483647;
			files = (
			);
			runOnlyForDeploymentPostprocessing = 0;
		};
/* End PBXFrameworksBuildPhase section */

/* Begin PBXGroup section */
		B9EB37CA1FD750A1007453C4 = {
			isa = PBXGroup;
			children = (
				B9EB37D51FD750A1007453C4 /* Final */,
				B9EB37EA1FD750A1007453C4 /* FinalTests */,
				B9EB37F51FD750A2007453C4 /* FinalUITests */,
				B9EB37D41FD750A1007453C4 /* Products */,
			);
			sourceTree = "<group>";
		};
		B9EB37D41FD750A1007453C4 /* Products */ = {
			isa = PBXGroup;
			children = (
				B9EB37D31FD750A1007453C4 /* Final.app */,
				B9EB37E71FD750A1007453C4 /* FinalTests.xctest */,
				B9EB37F21FD750A2007453C4 /* FinalUITests.xctest */,
			);
			name = Products;
			sourceTree = "<group>";
		};
		B9EB37D51FD750A1007453C4 /* Final */ = {
			isa = PBXGroup;
			children = (
				B9EB37D61FD750A1007453C4 /* AppDelegate.swift */,
				B9EB38081FD75161007453C4 /* GameViewController.swift */,
				B9EB38061FD75151007453C4 /* LeaderboardViewController.swift */,
				B9EB38041FD75119007453C4 /* MenuViewController.swift */,
				B9EB37D81FD750A1007453C4 /* ViewController.swift */,
				B9EB380A1FD7522B007453C4 /* WebService.swift */,
				B9EB37DA1FD750A1007453C4 /* Main.storyboard */,
				B9EB37DD1FD750A1007453C4 /* Assets.xcassets */,
				B9EB37DF1FD750A1007453C4 /* LaunchScreen.storyboard */,
				B9EB37E21FD750A1007453C4 /* Info.plist */,
			);
			path = Final;
			sourceTree = "<group>";
		};
		B9EB37EA1FD750A1007453C4 /* FinalTests */ = {
			isa = PBXGroup;
			children = (
				B9EB37EB1FD750A1007453C4 /* FinalTests.swift */,
				B9EB37ED1FD750A1007453C4 /* Info.plist */,
			);
			path = FinalTests;
			sourceTree = "<group>";
		};
		B9EB37F51FD750A2007453C4 /* FinalUITests */ = {
			isa = PBXGroup;
			children = (
				B9EB37F61FD750A2007453C4 /* FinalUITests.swift */,
				B9EB37F81FD750A2007453C4 /* Info.plist */,
			);
			path = FinalUITests;
			sourceTree = "<group>";
		};
/* End PBXGroup section */

/* Begin PBXNativeTarget section */
		B9EB37D21FD750A1007453C4 /* Final */ = {
			isa = PBXNativeTarget;
			buildConfigurationList = B9EB37FB1FD750A2007453C4 /* Build configuration list for PBXNativeTarget "Final" */;
			buildPhases = (
				B9EB37CF1FD750A1007453C4 /* Sources */,
				B9EB37D01FD750A1007453C4 /* Frameworks */,
				B9EB37D11FD750A1007453C4 /* Resources */,
			);
			buildRules = (
			);
			dependencies = (
			);
			name = Final;
			productName = Final;
			productReference = B9EB37D31FD750A1007453C4 /* Final.app */;
			productType = "com.apple.product-type.application";
		};
		B9EB37E61FD750A1007453C4 /* FinalTests */ = {
			isa = PBXNativeTarget;
			buildConfigurationList = B9EB37FE1FD750A2007453C4 /* Build configuration list for PBXNativeTarget "FinalTests" */;
			buildPhases = (
				B9EB37E31FD750A1007453C4 /* Sources */,
				B9EB37E41FD750A1007453C4 /* Frameworks */,
				B9EB37E51FD750A1007453C4 /* Resources */,
			);
			buildRules = (
			);
			dependencies = (
				B9EB37E91FD750A1007453C4 /* PBXTargetDependency */,
			);
			name = FinalTests;
			productName = FinalTests;
			productReference = B9EB37E71FD750A1007453C4 /* FinalTests.xctest */;
			productType = "com.apple.product-type.bundle.unit-test";
		};
		B9EB37F11FD750A1007453C4 /* FinalUITests */ = {
			isa = PBXNativeTarget;
			buildConfigurationList = B9EB38011FD750A2007453C4 /* Build configuration list for PBXNativeTarget "FinalUITests" */;
			buildPhases = (
				B9EB37EE1FD750A1007453C4 /* Sources */,
				B9EB37EF1FD750A1007453C4 /* Frameworks */,
				B9EB37F01FD750A1007453C4 /* Resources */,
			);
			buildRules = (
			);
			dependencies = (
				B9EB37F41FD750A2007453C4 /* PBXTargetDependency */,
			);
			name = FinalUITests;
			productName = FinalUITests;
			productReference = B9EB37F21FD750A2007453C4 /* FinalUITests.xctest */;
			productType = "com.apple.product-type.bundle.ui-testing";
		};
/* End PBXNativeTarget section */

/* Begin PBXProject section */
		B9EB37CB1FD750A1007453C4 /* Project object */ = {
			isa = PBXProject;
			attributes = {
				LastSwiftUpdateCheck = 0910;
				LastUpgradeCheck = 0910;
				ORGANIZATIONNAME = aborse;
				TargetAttributes = {
					B9EB37D21FD750A1007453C4 = {
						CreatedOnToolsVersion = 9.1;
						ProvisioningStyle = Automatic;
					};
					B9EB37E61FD750A1007453C4 = {
						CreatedOnToolsVersion = 9.1;
						ProvisioningStyle = Automatic;
						TestTargetID = B9EB37D21FD750A1007453C4;
					};
					B9EB37F11FD750A1007453C4 = {
						CreatedOnToolsVersion = 9.1;
						ProvisioningStyle = Automatic;
						TestTargetID = B9EB37D21FD750A1007453C4;
					};
				};
			};
			buildConfigurationList = B9EB37CE1FD750A1007453C4 /* Build configuration list for PBXProject "Final" */;
			compatibilityVersion = "Xcode 8.0";
			developmentRegion = en;
			hasScannedForEncodings = 0;
			knownRegions = (
				en,
				Base,
			);
			mainGroup = B9EB37CA1FD750A1007453C4;
			productRefGroup = B9EB37D41FD750A1007453C4 /* Products */;
			projectDirPath = "";
			projectRoot = "";
			targets = (
				B9EB37D21FD750A1007453C4 /* Final */,
				B9EB37E61FD750A1007453C4 /* FinalTests */,
				B9EB37F11FD750A1007453C4 /* FinalUITests */,
			);
		};
/* End PBXProject section */

/* Begin PBXResourcesBuildPhase section */
		B9EB37D11FD750A1007453C4 /* Resources */ = {
			isa = PBXResourcesBuildPhase;
			buildActionMask = 2147483647;
			files = (
				B9EB37E11FD750A1007453C4 /* LaunchScreen.storyboard in Resources */,
				B9EB37DE1FD750A1007453C4 /* Assets.xcassets in Resources */,
				B9EB37DC1FD750A1007453C4 /* Main.storyboard in Resources */,
			);
			runOnlyForDeploymentPostprocessing = 0;
		};
		B9EB37E51FD750A1007453C4 /* Resources */ = {
			isa = PBXResourcesBuildPhase;
			buildActionMask = 2147483647;
			files = (
			);
			runOnlyForDeploymentPostprocessing = 0;
		};
		B9EB37F01FD750A1007453C4 /* Resources */ = {
			isa = PBXResourcesBuildPhase;
			buildActionMask = 2147483647;
			files = (
			);
			runOnlyForDeploymentPostprocessing = 0;
		};
/* End PBXResourcesBuildPhase section */

/* Begin PBXSourcesBuildPhase section */
		B9EB37CF1FD750A1007453C4 /* Sources */ = {
			isa = PBXSourcesBuildPhase;
			buildActionMask = 2147483647;
			files = (
				B9EB380B1FD7522B007453C4 /* WebService.swift in Sources */,
				B9EB38091FD75161007453C4 /* GameViewController.swift in Sources */,
				B9EB37D91FD750A1007453C4 /* ViewController.swift in Sources */,
				B9EB38051FD75119007453C4 /* MenuViewController.swift in Sources */,
				B9EB38071FD75151007453C4 /* LeaderboardViewController.swift in Sources */,
				B9EB37D71FD750A1007453C4 /* AppDelegate.swift in Sources */,
			);
			runOnlyForDeploymentPostprocessing = 0;
		};
		B9EB37E31FD750A1007453C4 /* Sources */ = {
			isa = PBXSourcesBuildPhase;
			buildActionMask = 2147483647;
			files = (
				B9EB37EC1FD750A1007453C4 /* FinalTests.swift in Sources */,
			);
			runOnlyForDeploymentPostprocessing = 0;
		};
		B9EB37EE1FD750A1007453C4 /* Sources */ = {
			isa = PBXSourcesBuildPhase;
			buildActionMask = 2147483647;
			files = (
				B9EB37F71FD750A2007453C4 /* FinalUITests.swift in Sources */,
			);
			runOnlyForDeploymentPostprocessing = 0;
		};
/* End PBXSourcesBuildPhase section */

/* Begin PBXTargetDependency section */
		B9EB37E91FD750A1007453C4 /* PBXTargetDependency */ = {
			isa = PBXTargetDependency;
			target = B9EB37D21FD750A1007453C4 /* Final */;
			targetProxy = B9EB37E81FD750A1007453C4 /* PBXContainerItemProxy */;
		};
		B9EB37F41FD750A2007453C4 /* PBXTargetDependency */ = {
			isa = PBXTargetDependency;
			target = B9EB37D21FD750A1007453C4 /* Final */;
			targetProxy = B9EB37F31FD750A2007453C4 /* PBXContainerItemProxy */;
		};
/* End PBXTargetDependency section */

/* Begin PBXVariantGroup section */
		B9EB37DA1FD750A1007453C4 /* Main.storyboard */ = {
			isa = PBXVariantGroup;
			children = (
				B9EB37DB1FD750A1007453C4 /* Base */,
			);
			name = Main.storyboard;
			sourceTree = "<group>";
		};
		B9EB37DF1FD750A1007453C4 /* LaunchScreen.storyboard */ = {
			isa = PBXVariantGroup;
			children = (
				B9EB37E01FD750A1007453C4 /* Base */,
			);
			name = LaunchScreen.storyboard;
			sourceTree = "<group>";
		};
/* End PBXVariantGroup section */

/* Begin XCBuildConfiguration section */
		B9EB37F91FD750A2007453C4 /* Debug */ = {
			isa = XCBuildConfiguration;
			buildSettings = {
				ALWAYS_SEARCH_USER_PATHS = NO;
				CLANG_ANALYZER_NONNULL = YES;
				CLANG_ANALYZER_NUMBER_OBJECT_CONVERSION = YES_AGGRESSIVE;
				CLANG_CXX_LANGUAGE_STANDARD = "gnu++14";
				CLANG_CXX_LIBRARY = "libc++";
				CLANG_ENABLE_MODULES = YES;
				CLANG_ENABLE_OBJC_ARC = YES;
				CLANG_WARN_BLOCK_CAPTURE_AUTORELEASING = YES;
				CLANG_WARN_BOOL_CONVERSION = YES;
				CLANG_WARN_COMMA = YES;
				CLANG_WARN_CONSTANT_CONVERSION = YES;
				CLANG_WARN_DIRECT_OBJC_ISA_USAGE = YES_ERROR;
				CLANG_WARN_DOCUMENTATION_COMMENTS = YES;
				CLANG_WARN_EMPTY_BODY = YES;
				CLANG_WARN_ENUM_CONVERSION = YES;
				CLANG_WARN_INFINITE_RECURSION = YES;
				CLANG_WARN_INT_CONVERSION = YES;
				CLANG_WARN_NON_LITERAL_NULL_CONVERSION = YES;
				CLANG_WARN_OBJC_LITERAL_CONVERSION = YES;
				CLANG_WARN_OBJC_ROOT_CLASS = YES_ERROR;
				CLANG_WARN_RANGE_LOOP_ANALYSIS = YES;
				CLANG_WARN_STRICT_PROTOTYPES = YES;
				CLANG_WARN_SUSPICIOUS_MOVE = YES;
				CLANG_WARN_UNGUARDED_AVAILABILITY = YES_AGGRESSIVE;
				CLANG_WARN_UNREACHABLE_CODE = YES;
				CLANG_WARN__DUPLICATE_METHOD_MATCH = YES;
				CODE_SIGN_IDENTITY = "iPhone Developer";
				COPY_PHASE_STRIP = NO;
				DEBUG_INFORMATION_FORMAT = dwarf;
				ENABLE_STRICT_OBJC_MSGSEND = YES;
				ENABLE_TESTABILITY = YES;
				GCC_C_LANGUAGE_STANDARD = gnu11;
				GCC_DYNAMIC_NO_PIC = NO;
				GCC_NO_COMMON_BLOCKS = YES;
				GCC_OPTIMIZATION_LEVEL = 0;
				GCC_PREPROCESSOR_DEFINITIONS = (
					"DEBUG=1",
					"$(inherited)",
				);
				GCC_WARN_64_TO_32_BIT_CONVERSION = YES;
				GCC_WARN_ABOUT_RETURN_TYPE = YES_ERROR;
				GCC_WARN_UNDECLARED_SELECTOR = YES;
				GCC_WARN_UNINITIALIZED_AUTOS = YES_AGGRESSIVE;
				GCC_WARN_UNUSED_FUNCTION = YES;
				GCC_WARN_UNUSED_VARIABLE = YES;
				IPHONEOS_DEPLOYMENT_TARGET = 11.1;
				MTL_ENABLE_DEBUG_INFO = YES;
				ONLY_ACTIVE_ARCH = YES;
				SDKROOT = iphoneos;
				SWIFT_ACTIVE_COMPILATION_CONDITIONS = DEBUG;
				SWIFT_OPTIMIZATION_LEVEL = "-Onone";
			};
			name = Debug;
		};
		B9EB37FA1FD750A2007453C4 /* Release */ = {
			isa = XCBuildConfiguration;
			buildSettings = {
				ALWAYS_SEARCH_USER_PATHS = NO;
				CLANG_ANALYZER_NONNULL = YES;
				CLANG_ANALYZER_NUMBER_OBJECT_CONVERSION = YES_AGGRESSIVE;
				CLANG_CXX_LANGUAGE_STANDARD = "gnu++14";
				CLANG_CXX_LIBRARY = "libc++";
				CLANG_ENABLE_MODULES = YES;
				CLANG_ENABLE_OBJC_ARC = YES;
				CLANG_WARN_BLOCK_CAPTURE_AUTORELEASING = YES;
				CLANG_WARN_BOOL_CONVERSION = YES;
				CLANG_WARN_COMMA = YES;
				CLANG_WARN_CONSTANT_CONVERSION = YES;
				CLANG_WARN_DIRECT_OBJC_ISA_USAGE = YES_ERROR;
				CLANG_WARN_DOCUMENTATION_COMMENTS = YES;
				CLANG_WARN_EMPTY_BODY = YES;
				CLANG_WARN_ENUM_CONVERSION = YES;
				CLANG_WARN_INFINITE_RECURSION = YES;
				CLANG_WARN_INT_CONVERSION = YES;
				CLANG_WARN_NON_LITERAL_NULL_CONVERSION = YES;
				CLANG_WARN_OBJC_LITERAL_CONVERSION = YES;
				CLANG_WARN_OBJC_ROOT_CLASS = YES_ERROR;
				CLANG_WARN_RANGE_LOOP_ANALYSIS = YES;
				CLANG_WARN_STRICT_PROTOTYPES = YES;
				CLANG_WARN_SUSPICIOUS_MOVE = YES;
				CLANG_WARN_UNGUARDED_AVAILABILITY = YES_AGGRESSIVE;
				CLANG_WARN_UNREACHABLE_CODE = YES;
				CLANG_WARN__DUPLICATE_METHOD_MATCH = YES;
				CODE_SIGN_IDENTITY = "iPhone Developer";
				COPY_PHASE_STRIP = NO;
				DEBUG_INFORMATION_FORMAT = "dwarf-with-dsym";
				ENABLE_NS_ASSERTIONS = NO;
				ENABLE_STRICT_OBJC_MSGSEND = YES;
				GCC_C_LANGUAGE_STANDARD = gnu11;
				GCC_NO_COMMON_BLOCKS = YES;
				GCC_WARN_64_TO_32_BIT_CONVERSION = YES;
				GCC_WARN_ABOUT_RETURN_TYPE = YES_ERROR;
				GCC_WARN_UNDECLARED_SELECTOR = YES;
				GCC_WARN_UNINITIALIZED_AUTOS = YES_AGGRESSIVE;
				GCC_WARN_UNUSED_FUNCTION = YES;
				GCC_WARN_UNUSED_VARIABLE = YES;
				IPHONEOS_DEPLOYMENT_TARGET = 11.1;
				MTL_ENABLE_DEBUG_INFO = NO;
				SDKROOT = iphoneos;
				SWIFT_OPTIMIZATION_LEVEL = "-Owholemodule";
				VALIDATE_PRODUCT = YES;
			};
			name = Release;
		};
		B9EB37FC1FD750A2007453C4 /* Debug */ = {
			isa = XCBuildConfiguration;
			buildSettings = {
				ASSETCATALOG_COMPILER_APPICON_NAME = AppIcon;
				CODE_SIGN_STYLE = Automatic;
				DEVELOPMENT_TEAM = Y7JRQRJ395;
				INFOPLIST_FILE = Final/Info.plist;
				LD_RUNPATH_SEARCH_PATHS = "$(inherited) @executable_path/Frameworks";
				PRODUCT_BUNDLE_IDENTIFIER = ABorse.Final;
				PRODUCT_NAME = "$(TARGET_NAME)";
				SWIFT_VERSION = 4.0;
				TARGETED_DEVICE_FAMILY = "1,2";
			};
			name = Debug;
		};
		B9EB37FD1FD750A2007453C4 /* Release */ = {
			isa = XCBuildConfiguration;
			buildSettings = {
				ASSETCATALOG_COMPILER_APPICON_NAME = AppIcon;
				CODE_SIGN_STYLE = Automatic;
				DEVELOPMENT_TEAM = Y7JRQRJ395;
				INFOPLIST_FILE = Final/Info.plist;
				LD_RUNPATH_SEARCH_PATHS = "$(inherited) @executable_path/Frameworks";
				PRODUCT_BUNDLE_IDENTIFIER = ABorse.Final;
				PRODUCT_NAME = "$(TARGET_NAME)";
				SWIFT_VERSION = 4.0;
				TARGETED_DEVICE_FAMILY = "1,2";
			};
			name = Release;
		};
		B9EB37FF1FD750A2007453C4 /* Debug */ = {
			isa = XCBuildConfiguration;
			buildSettings = {
				ALWAYS_EMBED_SWIFT_STANDARD_LIBRARIES = YES;
				BUNDLE_LOADER = "$(TEST_HOST)";
				CODE_SIGN_STYLE = Automatic;
				INFOPLIST_FILE = FinalTests/Info.plist;
				LD_RUNPATH_SEARCH_PATHS = "$(inherited) @executable_path/Frameworks @loader_path/Frameworks";
				PRODUCT_BUNDLE_IDENTIFIER = ABorse.FinalTests;
				PRODUCT_NAME = "$(TARGET_NAME)";
				SWIFT_VERSION = 4.0;
				TARGETED_DEVICE_FAMILY = "1,2";
				TEST_HOST = "$(BUILT_PRODUCTS_DIR)/Final.app/Final";
			};
			name = Debug;
		};
		B9EB38001FD750A2007453C4 /* Release */ = {
			isa = XCBuildConfiguration;
			buildSettings = {
				ALWAYS_EMBED_SWIFT_STANDARD_LIBRARIES = YES;
				BUNDLE_LOADER = "$(TEST_HOST)";
				CODE_SIGN_STYLE = Automatic;
				INFOPLIST_FILE = FinalTests/Info.plist;
				LD_RUNPATH_SEARCH_PATHS = "$(inherited) @executable_path/Frameworks @loader_path/Frameworks";
				PRODUCT_BUNDLE_IDENTIFIER = ABorse.FinalTests;
				PRODUCT_NAME = "$(TARGET_NAME)";
				SWIFT_VERSION = 4.0;
				TARGETED_DEVICE_FAMILY = "1,2";
				TEST_HOST = "$(BUILT_PRODUCTS_DIR)/Final.app/Final";
			};
			name = Release;
		};
		B9EB38021FD750A2007453C4 /* Debug */ = {
			isa = XCBuildConfiguration;
			buildSettings = {
				ALWAYS_EMBED_SWIFT_STANDARD_LIBRARIES = YES;
				CODE_SIGN_STYLE = Automatic;
				INFOPLIST_FILE = FinalUITests/Info.plist;
				LD_RUNPATH_SEARCH_PATHS = "$(inherited) @executable_path/Frameworks @loader_path/Frameworks";
				PRODUCT_BUNDLE_IDENTIFIER = ABorse.FinalUITests;
				PRODUCT_NAME = "$(TARGET_NAME)";
				SWIFT_VERSION = 4.0;
				TARGETED_DEVICE_FAMILY = "1,2";
				TEST_TARGET_NAME = Final;
			};
			name = Debug;
		};
		B9EB38031FD750A2007453C4 /* Release */ = {
			isa = XCBuildConfiguration;
			buildSettings = {
				ALWAYS_EMBED_SWIFT_STANDARD_LIBRARIES = YES;
				CODE_SIGN_STYLE = Automatic;
				INFOPLIST_FILE = FinalUITests/Info.plist;
				LD_RUNPATH_SEARCH_PATHS = "$(inherited) @executable_path/Frameworks @loader_path/Frameworks";
				PRODUCT_BUNDLE_IDENTIFIER = ABorse.FinalUITests;
				PRODUCT_NAME = "$(TARGET_NAME)";
				SWIFT_VERSION = 4.0;
				TARGETED_DEVICE_FAMILY = "1,2";
				TEST_TARGET_NAME = Final;
			};
			name = Release;
		};
/* End XCBuildConfiguration section */

/* Begin XCConfigurationList section */
		B9EB37CE1FD750A1007453C4 /* Build configuration list for PBXProject "Final" */ = {
			isa = XCConfigurationList;
			buildConfigurations = (
				B9EB37F91FD750A2007453C4 /* Debug */,
				B9EB37FA1FD750A2007453C4 /* Release */,
			);
			defaultConfigurationIsVisible = 0;
			defaultConfigurationName = Release;
		};
		B9EB37FB1FD750A2007453C4 /* Build configuration list for PBXNativeTarget "Final" */ = {
			isa = XCConfigurationList;
			buildConfigurations = (
				B9EB37FC1FD750A2007453C4 /* Debug */,
				B9EB37FD1FD750A2007453C4 /* Release */,
			);
			defaultConfigurationIsVisible = 0;
			defaultConfigurationName = Release;
		};
		B9EB37FE1FD750A2007453C4 /* Build configuration list for PBXNativeTarget "FinalTests" */ = {
			isa = XCConfigurationList;
			buildConfigurations = (
				B9EB37FF1FD750A2007453C4 /* Debug */,
				B9EB38001FD750A2007453C4 /* Release */,
			);
			defaultConfigurationIsVisible = 0;
			defaultConfigurationName = Release;
		};
		B9EB38011FD750A2007453C4 /* Build configuration list for PBXNativeTarget "FinalUITests" */ = {
			isa = XCConfigurationList;
			buildConfigurations = (
				B9EB38021FD750A2007453C4 /* Debug */,
				B9EB38031FD750A2007453C4 /* Release */,
			);
			defaultConfigurationIsVisible = 0;
			defaultConfigurationName = Release;
		};
/* End XCConfigurationList section */
	};
	rootObject = B9EB37CB1FD750A1007453C4 /* Project object */;
}
